
Microsoft Visual Studio Solution File, Format Version 12.00
# Visual Studio 15
VisualStudioVersion = 15.0.27428.2015
MinimumVisualStudioVersion = 10.0.40219.1
Project("{FAE04EC0-301F-11D3-BF4B-00C04F79EFBC}") = "ex12", "ex12\ex12.csproj", "{E45C08AF-A268-442E-AB07-6F9B5BAEE084}"
EndProject
Global
	GlobalSection(SolutionConfigurationPlatforms) = preSolution
		Debug|Any CPU = Debug|Any CPU
		Release|Any CPU = Release|Any CPU
	EndGlobalSection
	GlobalSection(ProjectConfigurationPlatforms) = postSolution
		{E45C08AF-A268-442E-AB07-6F9B5BAEE084}.Debug|Any CPU.ActiveCfg = Debug|Any CPU
		{E45C08AF-A268-442E-AB07-6F9B5BAEE084}.Debug|Any CPU.Build.0 = Debug|Any CPU
		{E45C08AF-A268-442E-AB07-6F9B5BAEE084}.Release|Any CPU.ActiveCfg = Release|Any CPU
		{E45C08AF-A268-442E-AB07-6F9B5BAEE084}.Release|Any CPU.Build.0 = Release|Any CPU
	EndGlobalSection
	GlobalSection(SolutionProperties) = preSolution
		HideSolutionNode = FALSE
	EndGlobalSection
	GlobalSection(ExtensibilityGlobals) = postSolution
		SolutionGuid = {1A28B219-2D5C-44E3-B8F8-3DAFE665DCFA}
	EndGlobalSection
EndGlobal
